// !$*UTF8*$!
{
	archiveVersion = 1;
	classes = {
	};
	objectVersion = 77;
	objects = {

/* Begin PBXBuildFile section */
		05A0145DA18C1C89E1F47BD0 /* QuickLogIntents.swift in Sources */ = {isa = PBXBuildFile; fileRef = 5134B5EA5F4F18B5586AEBEA /* QuickLogIntents.swift */; };
		10CD9FDF66F64350C56BF88A /* IntakeTrackerApp.swift in Sources */ = {isa = PBXBuildFile; fileRef = 1E68F17049F9F39573D4D92F /* IntakeTrackerApp.swift */; };
		14301D30B666A3713FD4E262 /* CaffeineKineticsTests.swift in Sources */ = {isa = PBXBuildFile; fileRef = 6C6D0ECCAE8D7ABE931BBB3E /* CaffeineKineticsTests.swift */; };
		174D7E006C16A3D5751F35CF /* IntakeStore.swift in Sources */ = {isa = PBXBuildFile; fileRef = 6EE6FD1511030DA6948E9698 /* IntakeStore.swift */; };
		1F8BEE6146709966C1A88E50 /* WatchFullnessView.swift in Sources */ = {isa = PBXBuildFile; fileRef = FA05016D1E33A06C17F2C7AF /* WatchFullnessView.swift */; };
		23E768B3BD578221247E722B /* IntakeEntry.swift in Sources */ = {isa = PBXBuildFile; fileRef = D7D86F6AEB050D0F31CB3BCF /* IntakeEntry.swift */; };
		26B80842B39E195BD0652B8B /* IntakeStore.swift in Sources */ = {isa = PBXBuildFile; fileRef = 6EE6FD1511030DA6948E9698 /* IntakeStore.swift */; };
		27576F7F9D29DC57039D067D /* IntakeEntry.swift in Sources */ = {isa = PBXBuildFile; fileRef = D7D86F6AEB050D0F31CB3BCF /* IntakeEntry.swift */; };
		29F3FC6D5F7C1E608AD2D907 /* MealAutoSelector.swift in Sources */ = {isa = PBXBuildFile; fileRef = 7E9EDC2B01D9EA46BB72B467 /* MealAutoSelector.swift */; };
		2AAB6B44C1CED091858812D8 /* SyncService.swift in Sources */ = {isa = PBXBuildFile; fileRef = FC7BB6CC581435D00D4A203D /* SyncService.swift */; };
		2BCFF1BD2907B2E4BF35B5C6 /* ProgressWidgets.swift in Sources */ = {isa = PBXBuildFile; fileRef = 5FE41058664D7E7991788A44 /* ProgressWidgets.swift */; };
		75EF26FF2FB0F600009F3D2B /* RectangularWidgets.swift in Sources */ = {isa = PBXBuildFile; fileRef = 75EF27002FB0F600009F3D2B /* RectangularWidgets.swift */; };
		75EF27012FB0F600009F3D2B /* WidgetData.swift in Sources */ = {isa = PBXBuildFile; fileRef = 75EF27022FB0F600009F3D2B /* WidgetData.swift */; };
		75EF27032FB0F600009F3D2B /* CornerWidgets.swift in Sources */ = {isa = PBXBuildFile; fileRef = 75EF27042FB0F600009F3D2B /* CornerWidgets.swift */; };
		75EF27052FB0F600009F3D2B /* InlineWidgets.swift in Sources */ = {isa = PBXBuildFile; fileRef = 75EF27062FB0F600009F3D2B /* InlineWidgets.swift */; };
		2E1288E31814474EBC910FF5 /* SettingsView.swift in Sources */ = {isa = PBXBuildFile; fileRef = 7C0AD83A813F2FDBE5B73D5B /* SettingsView.swift */; };
		2E2E71BF62B381D0B2DF3CCB /* WatchCaffeineView.swift in Sources */ = {isa = PBXBuildFile; fileRef = F55F9346836F89D109AF0088 /* WatchCaffeineView.swift */; };
		333EF5572D3EC94750464F2D /* Formatting.swift in Sources */ = {isa = PBXBuildFile; fileRef = B351AB57C5168FA90FF77FC0 /* Formatting.swift */; };
		3525EC97C72F21DC741D3021 /* WatchWaterView.swift in Sources */ = {isa = PBXBuildFile; fileRef = 23AEE4344B69E67BD580AF22 /* WatchWaterView.swift */; };
		39F970680529B35CB3181C82 /* IntakeTracker Watch App.app in Embed Watch Content */ = {isa = PBXBuildFile; fileRef = 3A650F6997474CD73F336A53 /* IntakeTracker Watch App.app */; settings = {ATTRIBUTES = (RemoveHeadersOnCopy, ); }; };
		421D57874C3519AFC8815596 /* RootView.swift in Sources */ = {isa = PBXBuildFile; fileRef = FB7ADF9B8CF5339499B6515A /* RootView.swift */; };
		5BDDA9704A44FC01908C5AED /* Assets.xcassets in Resources */ = {isa = PBXBuildFile; fileRef = A49B60CEE28A7216CD91BF12 /* Assets.xcassets */; };
		5D4636959C501E4D855E5DFC /* CaffeineKinetics.swift in Sources */ = {isa = PBXBuildFile; fileRef = 18D2C0F65961081917A8C2AE /* CaffeineKinetics.swift */; };
		6369538F5E6130FEB64C5373 /* DashboardView.swift in Sources */ = {isa = PBXBuildFile; fileRef = D8BD96C4F807327FE6AA8DDA /* DashboardView.swift */; };
		75EF26FE2FB0F600009F3D2B /* CaffeineDecayChart.swift in Sources */ = {isa = PBXBuildFile; fileRef = 75EF26FD2FB0F600009F3D2B /* CaffeineDecayChart.swift */; };
		691A6339A63F064101ACC999 /* TrendsView.swift in Sources */ = {isa = PBXBuildFile; fileRef = 394799DE2554516C3CFA2CE3 /* TrendsView.swift */; };
		6D14070F9A94A84EE595620C /* SyncService.swift in Sources */ = {isa = PBXBuildFile; fileRef = FC7BB6CC581435D00D4A203D /* SyncService.swift */; };
		702509756E881679BE74D1B6 /* IntakeEntry.swift in Sources */ = {isa = PBXBuildFile; fileRef = D7D86F6AEB050D0F31CB3BCF /* IntakeEntry.swift */; };
		74636D3906A943525A1E88E9 /* IntakeEntry.swift in Sources */ = {isa = PBXBuildFile; fileRef = D7D86F6AEB050D0F31CB3BCF /* IntakeEntry.swift */; };
		75EF26DC2FB0EF53009F3D2B /* WatchTheme.swift in Sources */ = {isa = PBXBuildFile; fileRef = 75EF26DB2FB0EF53009F3D2B /* WatchTheme.swift */; };
		75EF26DD2FB0EF53009F3D2B /* WatchTheme.swift in Sources */ = {isa = PBXBuildFile; fileRef = 75EF26DB2FB0EF53009F3D2B /* WatchTheme.swift */; };
		75EF26DE2FB0EF53009F3D2B /* WatchTheme.swift in Sources */ = {isa = PBXBuildFile; fileRef = 75EF26DB2FB0EF53009F3D2B /* WatchTheme.swift */; };
		75EF26DF2FB0EF53009F3D2B /* WatchTheme.swift in Sources */ = {isa = PBXBuildFile; fileRef = 75EF26DB2FB0EF53009F3D2B /* WatchTheme.swift */; };
		75EF26E12FB0EF77009F3D2B /* MetricKind.swift in Sources */ = {isa = PBXBuildFile; fileRef = 75EF26E02FB0EF77009F3D2B /* MetricKind.swift */; };
		75EF26E22FB0EF77009F3D2B /* MetricKind.swift in Sources */ = {isa = PBXBuildFile; fileRef = 75EF26E02FB0EF77009F3D2B /* MetricKind.swift */; };
		75EF26E32FB0EF77009F3D2B /* MetricKind.swift in Sources */ = {isa = PBXBuildFile; fileRef = 75EF26E02FB0EF77009F3D2B /* MetricKind.swift */; };
		75EF26E42FB0EF77009F3D2B /* MetricKind.swift in Sources */ = {isa = PBXBuildFile; fileRef = 75EF26E02FB0EF77009F3D2B /* MetricKind.swift */; };
		75EF26E62FB0EF97009F3D2B /* MetricKindTests.swift in Sources */ = {isa = PBXBuildFile; fileRef = 75EF26E52FB0EF97009F3D2B /* MetricKindTests.swift */; };
		75EF26E82FB0F40F009F3D2B /* Haptics.swift in Sources */ = {isa = PBXBuildFile; fileRef = 75EF26E72FB0F40F009F3D2B /* Haptics.swift */; };
		75EF26E92FB0F40F009F3D2B /* Haptics.swift in Sources */ = {isa = PBXBuildFile; fileRef = 75EF26E72FB0F40F009F3D2B /* Haptics.swift */; };
		75EF26EA2FB0F40F009F3D2B /* Haptics.swift in Sources */ = {isa = PBXBuildFile; fileRef = 75EF26E72FB0F40F009F3D2B /* Haptics.swift */; };
		75EF26EB2FB0F40F009F3D2B /* Haptics.swift in Sources */ = {isa = PBXBuildFile; fileRef = 75EF26E72FB0F40F009F3D2B /* Haptics.swift */; };
		75EF26ED2FB0F422009F3D2B /* HapticDebounceTests.swift in Sources */ = {isa = PBXBuildFile; fileRef = 75EF26EC2FB0F422009F3D2B /* HapticDebounceTests.swift */; };
		75EF26EF2FB0F512009F3D2B /* HeroRing.swift in Sources */ = {isa = PBXBuildFile; fileRef = 75EF26EE2FB0F512009F3D2B /* HeroRing.swift */; };
		75EF26F02FB0F512009F3D2B /* HeroRing.swift in Sources */ = {isa = PBXBuildFile; fileRef = 75EF26EE2FB0F512009F3D2B /* HeroRing.swift */; };
		75EF26F12FB0F512009F3D2B /* HeroRing.swift in Sources */ = {isa = PBXBuildFile; fileRef = 75EF26EE2FB0F512009F3D2B /* HeroRing.swift */; };
		75EF26F22FB0F512009F3D2B /* HeroRing.swift in Sources */ = {isa = PBXBuildFile; fileRef = 75EF26EE2FB0F512009F3D2B /* HeroRing.swift */; };
		75EF26F32FB0F600009F3D2B /* MiniRingRow.swift in Sources */ = {isa = PBXBuildFile; fileRef = 75EF26F72FB0F600009F3D2B /* MiniRingRow.swift */; };
		75EF26F42FB0F600009F3D2B /* MiniRingRow.swift in Sources */ = {isa = PBXBuildFile; fileRef = 75EF26F72FB0F600009F3D2B /* MiniRingRow.swift */; };
		75EF26F52FB0F600009F3D2B /* MiniRingRow.swift in Sources */ = {isa = PBXBuildFile; fileRef = 75EF26F72FB0F600009F3D2B /* MiniRingRow.swift */; };
		75EF26F62FB0F600009F3D2B /* MiniRingRow.swift in Sources */ = {isa = PBXBuildFile; fileRef = 75EF26F72FB0F600009F3D2B /* MiniRingRow.swift */; };
		75EF26F82FB0F700009F3D2B /* QuickActionChip.swift in Sources */ = {isa = PBXBuildFile; fileRef = 75EF26FC2FB0F700009F3D2B /* QuickActionChip.swift */; };
		75EF26F92FB0F700009F3D2B /* QuickActionChip.swift in Sources */ = {isa = PBXBuildFile; fileRef = 75EF26FC2FB0F700009F3D2B /* QuickActionChip.swift */; };
		75EF26FA2FB0F700009F3D2B /* QuickActionChip.swift in Sources */ = {isa = PBXBuildFile; fileRef = 75EF26FC2FB0F700009F3D2B /* QuickActionChip.swift */; };
		75EF26FB2FB0F700009F3D2B /* QuickActionChip.swift in Sources */ = {isa = PBXBuildFile; fileRef = 75EF26FC2FB0F700009F3D2B /* QuickActionChip.swift */; };
		7715BDA4A2E5422D91D53A25 /* CaffeineKinetics.swift in Sources */ = {isa = PBXBuildFile; fileRef = 18D2C0F65961081917A8C2AE /* CaffeineKinetics.swift */; };
		81F3D7BC7A8860E3042FBC3A /* MealAutoSelector.swift in Sources */ = {isa = PBXBuildFile; fileRef = 7E9EDC2B01D9EA46BB72B467 /* MealAutoSelector.swift */; };
		83F54F49518B0A5B35B52DF6 /* WatchRootView.swift in Sources */ = {isa = PBXBuildFile; fileRef = 6A5A57A60F6341C83DBE21BC /* WatchRootView.swift */; };
		85083D2F4FB8FFF9F77ACF82 /* IntakeTracker_ComplicationsBundle.swift in Sources */ = {isa = PBXBuildFile; fileRef = CC231AD48309E5FFE1A3121F /* IntakeTracker_ComplicationsBundle.swift */; };
		930ABA980593588C6C4B86A6 /* MealAutoSelector.swift in Sources */ = {isa = PBXBuildFile; fileRef = 7E9EDC2B01D9EA46BB72B467 /* MealAutoSelector.swift */; };
		9B0D9E99DE7E2DAE1F81FE7D /* Formatting.swift in Sources */ = {isa = PBXBuildFile; fileRef = B351AB57C5168FA90FF77FC0 /* Formatting.swift */; };
		9E28806995C5BA8F683A298E /* IntakeTracker Complications.appex in Embed Foundation Extensions */ = {isa = PBXBuildFile; fileRef = 473C5A527377BE86951E8CDF /* IntakeTracker Complications.appex */; settings = {ATTRIBUTES = (RemoveHeadersOnCopy, ); }; };
		9F932DF8D048BDF737F3A1DD /* SyncService.swift in Sources */ = {isa = PBXBuildFile; fileRef = FC7BB6CC581435D00D4A203D /* SyncService.swift */; };
		A1E6EF20D21239F924B43667 /* HistoryView.swift in Sources */ = {isa = PBXBuildFile; fileRef = 9546FFF09B066C3694FA895F /* HistoryView.swift */; };
		A43F969E7F96E95F253B9A1C /* CaffeineKinetics.swift in Sources */ = {isa = PBXBuildFile; fileRef = 18D2C0F65961081917A8C2AE /* CaffeineKinetics.swift */; };
		A9BC40236728D0F6E740A8C5 /* QuickLogIntents.swift in Sources */ = {isa = PBXBuildFile; fileRef = 5134B5EA5F4F18B5586AEBEA /* QuickLogIntents.swift */; };
		B716FFB14AA1296ED0C86939 /* QuickLogIntents.swift in Sources */ = {isa = PBXBuildFile; fileRef = 5134B5EA5F4F18B5586AEBEA /* QuickLogIntents.swift */; };
		B85C9449E26EA156339DDD1F /* Formatting.swift in Sources */ = {isa = PBXBuildFile; fileRef = B351AB57C5168FA90FF77FC0 /* Formatting.swift */; };
		BAA17E7C591E0F73B3BC778B /* WatchWaistView.swift in Sources */ = {isa = PBXBuildFile; fileRef = 2CD73764F03843DE98584257 /* WatchWaistView.swift */; };
		BAD7E001AD1F117FBB858909 /* WatchDeepLinkRouter.swift in Sources */ = {isa = PBXBuildFile; fileRef = 759FC5A642D78C238B5A3CA0 /* WatchDeepLinkRouter.swift */; };
		BB844E2D1B0567F563C02C33 /* WatchWeightView.swift in Sources */ = {isa = PBXBuildFile; fileRef = 43B45B570E32C2DEB270697B /* WatchWeightView.swift */; };
		BBE5C46C5793F4EB19A73856 /* IntakeStore.swift in Sources */ = {isa = PBXBuildFile; fileRef = 6EE6FD1511030DA6948E9698 /* IntakeStore.swift */; };
		C737EE771CEC4DF501C22C4A /* MealAutoSelector.swift in Sources */ = {isa = PBXBuildFile; fileRef = 7E9EDC2B01D9EA46BB72B467 /* MealAutoSelector.swift */; };
		D6CF2F867EC1B86CF6DDD2C5 /* QuickLogIntents.swift in Sources */ = {isa = PBXBuildFile; fileRef = 5134B5EA5F4F18B5586AEBEA /* QuickLogIntents.swift */; };
		DCE5CCD4189C79BE9DEDD03D /* IntakeStore.swift in Sources */ = {isa = PBXBuildFile; fileRef = 6EE6FD1511030DA6948E9698 /* IntakeStore.swift */; };
		DE8BE7CC655BF7EA72A27D1F /* WatchSummaryView.swift in Sources */ = {isa = PBXBuildFile; fileRef = D11BBC74C5D372C270BDFDA2 /* WatchSummaryView.swift */; };
		E5817A9FAB5D17584AF8750F /* Preview Assets.xcassets in Resources */ = {isa = PBXBuildFile; fileRef = 647B37563C2B7499865188DC /* Preview Assets.xcassets */; };
		E60D232C7F86ED1DA697D9B2 /* Assets.xcassets in Resources */ = {isa = PBXBuildFile; fileRef = 94FC3E420685F6E42B5473A4 /* Assets.xcassets */; };
		E6BDA47A1C86F0E50F23539F /* Formatting.swift in Sources */ = {isa = PBXBuildFile; fileRef = B351AB57C5168FA90FF77FC0 /* Formatting.swift */; };
		EA436FF779357A86BDB52550 /* IntakeTrackerApp.swift in Sources */ = {isa = PBXBuildFile; fileRef = BE07C3761146E14D96AA0767 /* IntakeTrackerApp.swift */; };
		ECB0DAD835CBEF0C7114F105 /* CaffeineKinetics.swift in Sources */ = {isa = PBXBuildFile; fileRef = 18D2C0F65961081917A8C2AE /* CaffeineKinetics.swift */; };
		F5FE7E9B89C88F73A3C60A1D /* SyncService.swift in Sources */ = {isa = PBXBuildFile; fileRef = FC7BB6CC581435D00D4A203D /* SyncService.swift */; };
/* End PBXBuildFile section */

/* Begin PBXContainerItemProxy section */
		1579B417EF3E1ED8F1AC51FF /* PBXContainerItemProxy */ = {
			isa = PBXContainerItemProxy;
			containerPortal = 3E071BE3A1D390229846093F /* Project object */;
			proxyType = 1;
			remoteGlobalIDString = 059DB81787A5095F2993A0F7;
			remoteInfo = "IntakeTracker Complications";
		};
		26A0656803A2B30277F57F7C /* PBXContainerItemProxy */ = {
			isa = PBXContainerItemProxy;
			containerPortal = 3E071BE3A1D390229846093F /* Project object */;
			proxyType = 1;
			remoteGlobalIDString = 4719F4557AEAF99CC5294675;
			remoteInfo = IntakeTracker;
		};
		AB066A4D69E847F61BCCB1F1 /* PBXContainerItemProxy */ = {
			isa = PBXContainerItemProxy;
			containerPortal = 3E071BE3A1D390229846093F /* Project object */;
			proxyType = 1;
			remoteGlobalIDString = 446612D235B94BDE61B59764;
			remoteInfo = "IntakeTracker Watch App";
		};
/* End PBXContainerItemProxy section */

/* Begin PBXCopyFilesBuildPhase section */
		1D1AE323D0475704842C40A4 /* Embed Foundation Extensions */ = {
			isa = PBXCopyFilesBuildPhase;
			buildActionMask = 2147483647;
			dstPath = "";
			dstSubfolderSpec = 13;
			files = (
				9E28806995C5BA8F683A298E /* IntakeTracker Complications.appex in Embed Foundation Extensions */,
			);
			name = "Embed Foundation Extensions";
			runOnlyForDeploymentPostprocessing = 0;
		};
		502AEC8C5FE47E9EA084D8F1 /* Embed Watch Content */ = {
			isa = PBXCopyFilesBuildPhase;
			buildActionMask = 2147483647;
			dstPath = "$(CONTENTS_FOLDER_PATH)/Watch";
			dstSubfolderSpec = 16;
			files = (
				39F970680529B35CB3181C82 /* IntakeTracker Watch App.app in Embed Watch Content */,
			);
			name = "Embed Watch Content";
			runOnlyForDeploymentPostprocessing = 0;
		};
/* End PBXCopyFilesBuildPhase section */

/* Begin PBXFileReference section */
		18D2C0F65961081917A8C2AE /* CaffeineKinetics.swift */ = {isa = PBXFileReference; lastKnownFileType = sourcecode.swift; path = CaffeineKinetics.swift; sourceTree = "<group>"; };
		1E68F17049F9F39573D4D92F /* IntakeTrackerApp.swift */ = {isa = PBXFileReference; lastKnownFileType = sourcecode.swift; path = IntakeTrackerApp.swift; sourceTree = "<group>"; };
		23AEE4344B69E67BD580AF22 /* WatchWaterView.swift */ = {isa = PBXFileReference; lastKnownFileType = sourcecode.swift; path = WatchWaterView.swift; sourceTree = "<group>"; };
		2CD73764F03843DE98584257 /* WatchWaistView.swift */ = {isa = PBXFileReference; lastKnownFileType = sourcecode.swift; path = WatchWaistView.swift; sourceTree = "<group>"; };
		394799DE2554516C3CFA2CE3 /* TrendsView.swift */ = {isa = PBXFileReference; lastKnownFileType = sourcecode.swift; path = TrendsView.swift; sourceTree = "<group>"; };
		3A650F6997474CD73F336A53 /* IntakeTracker Watch App.app */ = {isa = PBXFileReference; explicitFileType = wrapper.application; includeInIndex = 0; path = "IntakeTracker Watch App.app"; sourceTree = BUILT_PRODUCTS_DIR; };
		3BA7DD72BF3F0BE22F69B565 /* IntakeTracker Complications.entitlements */ = {isa = PBXFileReference; lastKnownFileType = text.plist.entitlements; path = "IntakeTracker Complications.entitlements"; sourceTree = "<group>"; };
		43B45B570E32C2DEB270697B /* WatchWeightView.swift */ = {isa = PBXFileReference; lastKnownFileType = sourcecode.swift; path = WatchWeightView.swift; sourceTree = "<group>"; };
		473C5A527377BE86951E8CDF /* IntakeTracker Complications.appex */ = {isa = PBXFileReference; explicitFileType = "wrapper.app-extension"; includeInIndex = 0; path = "IntakeTracker Complications.appex"; sourceTree = BUILT_PRODUCTS_DIR; };
		5134B5EA5F4F18B5586AEBEA /* QuickLogIntents.swift */ = {isa = PBXFileReference; lastKnownFileType = sourcecode.swift; path = QuickLogIntents.swift; sourceTree = "<group>"; };
		5FE41058664D7E7991788A44 /* ProgressWidgets.swift */ = {isa = PBXFileReference; lastKnownFileType = sourcecode.swift; path = ProgressWidgets.swift; sourceTree = "<group>"; };
		75EF27002FB0F600009F3D2B /* RectangularWidgets.swift */ = {isa = PBXFileReference; lastKnownFileType = sourcecode.swift; path = RectangularWidgets.swift; sourceTree = "<group>"; };
		75EF27022FB0F600009F3D2B /* WidgetData.swift */ = {isa = PBXFileReference; lastKnownFileType = sourcecode.swift; path = WidgetData.swift; sourceTree = "<group>"; };
		75EF27042FB0F600009F3D2B /* CornerWidgets.swift */ = {isa = PBXFileReference; lastKnownFileType = sourcecode.swift; path = CornerWidgets.swift; sourceTree = "<group>"; };
		75EF27062FB0F600009F3D2B /* InlineWidgets.swift */ = {isa = PBXFileReference; lastKnownFileType = sourcecode.swift; path = InlineWidgets.swift; sourceTree = "<group>"; };
		647B37563C2B7499865188DC /* Preview Assets.xcassets */ = {isa = PBXFileReference; lastKnownFileType = folder.assetcatalog; path = "Preview Assets.xcassets"; sourceTree = "<group>"; };
		6A5A57A60F6341C83DBE21BC /* WatchRootView.swift */ = {isa = PBXFileReference; lastKnownFileType = sourcecode.swift; path = WatchRootView.swift; sourceTree = "<group>"; };
		6C6D0ECCAE8D7ABE931BBB3E /* CaffeineKineticsTests.swift */ = {isa = PBXFileReference; lastKnownFileType = sourcecode.swift; path = CaffeineKineticsTests.swift; sourceTree = "<group>"; };
		6EE6FD1511030DA6948E9698 /* IntakeStore.swift */ = {isa = PBXFileReference; lastKnownFileType = sourcecode.swift; path = IntakeStore.swift; sourceTree = "<group>"; };
		759FC5A642D78C238B5A3CA0 /* WatchDeepLinkRouter.swift */ = {isa = PBXFileReference; lastKnownFileType = sourcecode.swift; path = WatchDeepLinkRouter.swift; sourceTree = "<group>"; };
		75EF26DB2FB0EF53009F3D2B /* WatchTheme.swift */ = {isa = PBXFileReference; lastKnownFileType = sourcecode.swift; path = WatchTheme.swift; sourceTree = "<group>"; };
		75EF26E02FB0EF77009F3D2B /* MetricKind.swift */ = {isa = PBXFileReference; lastKnownFileType = sourcecode.swift; path = MetricKind.swift; sourceTree = "<group>"; };
		75EF26E52FB0EF97009F3D2B /* MetricKindTests.swift */ = {isa = PBXFileReference; lastKnownFileType = sourcecode.swift; path = MetricKindTests.swift; sourceTree = "<group>"; };
		75EF26E72FB0F40F009F3D2B /* Haptics.swift */ = {isa = PBXFileReference; lastKnownFileType = sourcecode.swift; path = Haptics.swift; sourceTree = "<group>"; };
		75EF26EC2FB0F422009F3D2B /* HapticDebounceTests.swift */ = {isa = PBXFileReference; lastKnownFileType = sourcecode.swift; path = HapticDebounceTests.swift; sourceTree = "<group>"; };
		75EF26EE2FB0F512009F3D2B /* HeroRing.swift */ = {isa = PBXFileReference; lastKnownFileType = sourcecode.swift; path = HeroRing.swift; sourceTree = "<group>"; };
		75EF26F72FB0F600009F3D2B /* MiniRingRow.swift */ = {isa = PBXFileReference; lastKnownFileType = sourcecode.swift; path = MiniRingRow.swift; sourceTree = "<group>"; };
		75EF26FC2FB0F700009F3D2B /* QuickActionChip.swift */ = {isa = PBXFileReference; lastKnownFileType = sourcecode.swift; path = QuickActionChip.swift; sourceTree = "<group>"; };
		7C0AD83A813F2FDBE5B73D5B /* SettingsView.swift */ = {isa = PBXFileReference; lastKnownFileType = sourcecode.swift; path = SettingsView.swift; sourceTree = "<group>"; };
		7E9EDC2B01D9EA46BB72B467 /* MealAutoSelector.swift */ = {isa = PBXFileReference; lastKnownFileType = sourcecode.swift; path = MealAutoSelector.swift; sourceTree = "<group>"; };
		86C0A4AABBE0BCC999502CB5 /* IntakeTracker Watch App.entitlements */ = {isa = PBXFileReference; lastKnownFileType = text.plist.entitlements; path = "IntakeTracker Watch App.entitlements"; sourceTree = "<group>"; };
		94FC3E420685F6E42B5473A4 /* Assets.xcassets */ = {isa = PBXFileReference; lastKnownFileType = folder.assetcatalog; path = Assets.xcassets; sourceTree = "<group>"; };
		9546FFF09B066C3694FA895F /* HistoryView.swift */ = {isa = PBXFileReference; lastKnownFileType = sourcecode.swift; path = HistoryView.swift; sourceTree = "<group>"; };
		A49B60CEE28A7216CD91BF12 /* Assets.xcassets */ = {isa = PBXFileReference; lastKnownFileType = folder.assetcatalog; path = Assets.xcassets; sourceTree = "<group>"; };
		B0244CD2A76DF2C2F4A10AAF /* Info.plist */ = {isa = PBXFileReference; lastKnownFileType = text.plist; path = Info.plist; sourceTree = "<group>"; };
		B351AB57C5168FA90FF77FC0 /* Formatting.swift */ = {isa = PBXFileReference; lastKnownFileType = sourcecode.swift; path = Formatting.swift; sourceTree = "<group>"; };
		B586537B6F41ECD2CEA1C39A /* IntakeTracker.entitlements */ = {isa = PBXFileReference; lastKnownFileType = text.plist.entitlements; path = IntakeTracker.entitlements; sourceTree = "<group>"; };
		BC14CE64A441F6B314472A3A /* IntakeTracker.app */ = {isa = PBXFileReference; explicitFileType = wrapper.application; includeInIndex = 0; path = IntakeTracker.app; sourceTree = BUILT_PRODUCTS_DIR; };
		BE07C3761146E14D96AA0767 /* IntakeTrackerApp.swift */ = {isa = PBXFileReference; lastKnownFileType = sourcecode.swift; path = IntakeTrackerApp.swift; sourceTree = "<group>"; };
		CC231AD48309E5FFE1A3121F /* IntakeTracker_ComplicationsBundle.swift */ = {isa = PBXFileReference; lastKnownFileType = sourcecode.swift; path = IntakeTracker_ComplicationsBundle.swift; sourceTree = "<group>"; };
		D11BBC74C5D372C270BDFDA2 /* WatchSummaryView.swift */ = {isa = PBXFileReference; lastKnownFileType = sourcecode.swift; path = WatchSummaryView.swift; sourceTree = "<group>"; };
		D7D86F6AEB050D0F31CB3BCF /* IntakeEntry.swift */ = {isa = PBXFileReference; lastKnownFileType = sourcecode.swift; path = IntakeEntry.swift; sourceTree = "<group>"; };
		D8BD96C4F807327FE6AA8DDA /* DashboardView.swift */ = {isa = PBXFileReference; lastKnownFileType = sourcecode.swift; path = DashboardView.swift; sourceTree = "<group>"; };
		75EF26FD2FB0F600009F3D2B /* CaffeineDecayChart.swift */ = {isa = PBXFileReference; lastKnownFileType = sourcecode.swift; path = CaffeineDecayChart.swift; sourceTree = "<group>"; };
		F55F9346836F89D109AF0088 /* WatchCaffeineView.swift */ = {isa = PBXFileReference; lastKnownFileType = sourcecode.swift; path = WatchCaffeineView.swift; sourceTree = "<group>"; };
		F7B6394B90883E22E73D2825 /* IntakeTrackerTests.xctest */ = {isa = PBXFileReference; includeInIndex = 0; lastKnownFileType = wrapper.cfbundle; path = IntakeTrackerTests.xctest; sourceTree = BUILT_PRODUCTS_DIR; };
		FA05016D1E33A06C17F2C7AF /* WatchFullnessView.swift */ = {isa = PBXFileReference; lastKnownFileType = sourcecode.swift; path = WatchFullnessView.swift; sourceTree = "<group>"; };
		FB7ADF9B8CF5339499B6515A /* RootView.swift */ = {isa = PBXFileReference; lastKnownFileType = sourcecode.swift; path = RootView.swift; sourceTree = "<group>"; };
		FC7BB6CC581435D00D4A203D /* SyncService.swift */ = {isa = PBXFileReference; lastKnownFileType = sourcecode.swift; path = SyncService.swift; sourceTree = "<group>"; };
/* End PBXFileReference section */

/* Begin PBXGroup section */
		06E2B3E38AECD4AFC42292D5 /* Shared */ = {
			isa = PBXGroup;
			children = (
				75EF26EE2FB0F512009F3D2B /* HeroRing.swift */,
				75EF26F72FB0F600009F3D2B /* MiniRingRow.swift */,
				75EF26FC2FB0F700009F3D2B /* QuickActionChip.swift */,
				75EF26E72FB0F40F009F3D2B /* Haptics.swift */,
				75EF26E02FB0EF77009F3D2B /* MetricKind.swift */,
				75EF26DB2FB0EF53009F3D2B /* WatchTheme.swift */,
				B351AB57C5168FA90FF77FC0 /* Formatting.swift */,
				A9A97F81E4BC9BBA50D4E8CD /* Intents */,
				4A15BC7D46D318B33E19C0CE /* Models */,
				83F02C673515B8CE8C655E9B /* Store */,
				AD3C20FBBC9AFEA3E794B155 /* Sync */,
			);
			path = Shared;
			sourceTree = "<group>";
		};
		41D05BC1ABC5410133FDB807 /* IntakeTracker Watch App */ = {
			isa = PBXGroup;
			children = (
				A49B60CEE28A7216CD91BF12 /* Assets.xcassets */,
				86C0A4AABBE0BCC999502CB5 /* IntakeTracker Watch App.entitlements */,
				1E68F17049F9F39573D4D92F /* IntakeTrackerApp.swift */,
				759FC5A642D78C238B5A3CA0 /* WatchDeepLinkRouter.swift */,
				9F4E578680DED200D7318AB1 /* Views */,
			);
			path = "IntakeTracker Watch App";
			sourceTree = "<group>";
		};
		4A15BC7D46D318B33E19C0CE /* Models */ = {
			isa = PBXGroup;
			children = (
				18D2C0F65961081917A8C2AE /* CaffeineKinetics.swift */,
				D7D86F6AEB050D0F31CB3BCF /* IntakeEntry.swift */,
				7E9EDC2B01D9EA46BB72B467 /* MealAutoSelector.swift */,
			);
			path = Models;
			sourceTree = "<group>";
		};
		65F83BF707E40A0B2388C829 /* IntakeTracker */ = {
			isa = PBXGroup;
			children = (
				94FC3E420685F6E42B5473A4 /* Assets.xcassets */,
				B586537B6F41ECD2CEA1C39A /* IntakeTracker.entitlements */,
				BE07C3761146E14D96AA0767 /* IntakeTrackerApp.swift */,
				67B99765FD90334F7364B7D7 /* Preview Content */,
				C80B4561CEA11D90670EF26D /* Views */,
			);
			path = IntakeTracker;
			sourceTree = "<group>";
		};
		67B99765FD90334F7364B7D7 /* Preview Content */ = {
			isa = PBXGroup;
			children = (
				647B37563C2B7499865188DC /* Preview Assets.xcassets */,
			);
			path = "Preview Content";
			sourceTree = "<group>";
		};
		6DD5111C7F6C5AE178AE2FD9 /* IntakeTrackerTests */ = {
			isa = PBXGroup;
			children = (
				75EF26EC2FB0F422009F3D2B /* HapticDebounceTests.swift */,
				75EF26E52FB0EF97009F3D2B /* MetricKindTests.swift */,
				6C6D0ECCAE8D7ABE931BBB3E /* CaffeineKineticsTests.swift */,
			);
			path = IntakeTrackerTests;
			sourceTree = "<group>";
		};
		83F02C673515B8CE8C655E9B /* Store */ = {
			isa = PBXGroup;
			children = (
				6EE6FD1511030DA6948E9698 /* IntakeStore.swift */,
			);
			path = Store;
			sourceTree = "<group>";
		};
		8C58EA3D95B50CDD82B2FF3D /* Products */ = {
			isa = PBXGroup;
			children = (
				473C5A527377BE86951E8CDF /* IntakeTracker Complications.appex */,
				3A650F6997474CD73F336A53 /* IntakeTracker Watch App.app */,
				BC14CE64A441F6B314472A3A /* IntakeTracker.app */,
				F7B6394B90883E22E73D2825 /* IntakeTrackerTests.xctest */,
			);
			name = Products;
			sourceTree = "<group>";
		};
		9F4E578680DED200D7318AB1 /* Views */ = {
			isa = PBXGroup;
			children = (
				F55F9346836F89D109AF0088 /* WatchCaffeineView.swift */,
				FA05016D1E33A06C17F2C7AF /* WatchFullnessView.swift */,
				6A5A57A60F6341C83DBE21BC /* WatchRootView.swift */,
				D11BBC74C5D372C270BDFDA2 /* WatchSummaryView.swift */,
				2CD73764F03843DE98584257 /* WatchWaistView.swift */,
				23AEE4344B69E67BD580AF22 /* WatchWaterView.swift */,
				43B45B570E32C2DEB270697B /* WatchWeightView.swift */,
			);
			path = Views;
			sourceTree = "<group>";
		};
		A9A97F81E4BC9BBA50D4E8CD /* Intents */ = {
			isa = PBXGroup;
			children = (
				5134B5EA5F4F18B5586AEBEA /* QuickLogIntents.swift */,
			);
			path = Intents;
			sourceTree = "<group>";
		};
		AD3C20FBBC9AFEA3E794B155 /* Sync */ = {
			isa = PBXGroup;
			children = (
				FC7BB6CC581435D00D4A203D /* SyncService.swift */,
			);
			path = Sync;
			sourceTree = "<group>";
		};
		C80B4561CEA11D90670EF26D /* Views */ = {
			isa = PBXGroup;
			children = (
				D8BD96C4F807327FE6AA8DDA /* DashboardView.swift */,
				75EF26FD2FB0F600009F3D2B /* CaffeineDecayChart.swift */,
				9546FFF09B066C3694FA895F /* HistoryView.swift */,
				FB7ADF9B8CF5339499B6515A /* RootView.swift */,
				7C0AD83A813F2FDBE5B73D5B /* SettingsView.swift */,
				394799DE2554516C3CFA2CE3 /* TrendsView.swift */,
			);
			path = Views;
			sourceTree = "<group>";
		};
		E56DD7DCD8CBA79BF6960114 /* IntakeTracker Complications */ = {
			isa = PBXGroup;
			children = (
				B0244CD2A76DF2C2F4A10AAF /* Info.plist */,
				3BA7DD72BF3F0BE22F69B565 /* IntakeTracker Complications.entitlements */,
				CC231AD48309E5FFE1A3121F /* IntakeTracker_ComplicationsBundle.swift */,
				5FE41058664D7E7991788A44 /* ProgressWidgets.swift */,
				75EF27002FB0F600009F3D2B /* RectangularWidgets.swift */,
				75EF27022FB0F600009F3D2B /* WidgetData.swift */,
				75EF27042FB0F600009F3D2B /* CornerWidgets.swift */,
				75EF27062FB0F600009F3D2B /* InlineWidgets.swift */,
			);
			path = "IntakeTracker Complications";
			sourceTree = "<group>";
		};
		ED14D565093A591768E880C2 = {
			isa = PBXGroup;
			children = (
				65F83BF707E40A0B2388C829 /* IntakeTracker */,
				E56DD7DCD8CBA79BF6960114 /* IntakeTracker Complications */,
				41D05BC1ABC5410133FDB807 /* IntakeTracker Watch App */,
				6DD5111C7F6C5AE178AE2FD9 /* IntakeTrackerTests */,
				06E2B3E38AECD4AFC42292D5 /* Shared */,
				8C58EA3D95B50CDD82B2FF3D /* Products */,
			);
			sourceTree = "<group>";
		};
/* End PBXGroup section */

/* Begin PBXNativeTarget section */
		059DB81787A5095F2993A0F7 /* IntakeTracker Complications */ = {
			isa = PBXNativeTarget;
			buildConfigurationList = 8AC6A932E326964DC97062BF /* Build configuration list for PBXNativeTarget "IntakeTracker Complications" */;
			buildPhases = (
				3BEC1784FA455EA909F5818B /* Sources */,
			);
			buildRules = (
			);
			dependencies = (
			);
			name = "IntakeTracker Complications";
			packageProductDependencies = (
			);
			productName = "IntakeTracker Complications";
			productReference = 473C5A527377BE86951E8CDF /* IntakeTracker Complications.appex */;
			productType = "com.apple.product-type.app-extension";
		};
		446612D235B94BDE61B59764 /* IntakeTracker Watch App */ = {
			isa = PBXNativeTarget;
			buildConfigurationList = 6993B84F0DF0541D074B39F0 /* Build configuration list for PBXNativeTarget "IntakeTracker Watch App" */;
			buildPhases = (
				B326B617A8D74C182FE50B2E /* Sources */,
				DDB4087354CB95609D28C29E /* Resources */,
				1D1AE323D0475704842C40A4 /* Embed Foundation Extensions */,
			);
			buildRules = (
			);
			dependencies = (
				3A6245E72BB63AF30A02FD03 /* PBXTargetDependency */,
			);
			name = "IntakeTracker Watch App";
			packageProductDependencies = (
			);
			productName = "IntakeTracker Watch App";
			productReference = 3A650F6997474CD73F336A53 /* IntakeTracker Watch App.app */;
			productType = "com.apple.product-type.application";
		};
		4719F4557AEAF99CC5294675 /* IntakeTracker */ = {
			isa = PBXNativeTarget;
			buildConfigurationList = FC1A5C9BD7658F1230B60B7D /* Build configuration list for PBXNativeTarget "IntakeTracker" */;
			buildPhases = (
				2E621D115F8333A2BB6729C3 /* Sources */,
				E1E8F99E4FF8709AACC1A34E /* Resources */,
				502AEC8C5FE47E9EA084D8F1 /* Embed Watch Content */,
			);
			buildRules = (
			);
			dependencies = (
				3A93CCDFC216805C98ED1F7E /* PBXTargetDependency */,
			);
			name = IntakeTracker;
			packageProductDependencies = (
			);
			productName = IntakeTracker;
			productReference = BC14CE64A441F6B314472A3A /* IntakeTracker.app */;
			productType = "com.apple.product-type.application";
		};
		C095BFDD897370C96B3403EB /* IntakeTrackerTests */ = {
			isa = PBXNativeTarget;
			buildConfigurationList = B9A223A1E0F5BDD4B7825D47 /* Build configuration list for PBXNativeTarget "IntakeTrackerTests" */;
			buildPhases = (
				98C633E5C7EB168C2EF8B676 /* Sources */,
			);
			buildRules = (
			);
			dependencies = (
				BE918E13580C44F308EDEB4C /* PBXTargetDependency */,
			);
			name = IntakeTrackerTests;
			packageProductDependencies = (
			);
			productName = IntakeTrackerTests;
			productReference = F7B6394B90883E22E73D2825 /* IntakeTrackerTests.xctest */;
			productType = "com.apple.product-type.bundle.unit-test";
		};
/* End PBXNativeTarget section */

/* Begin PBXProject section */
		3E071BE3A1D390229846093F /* Project object */ = {
			isa = PBXProject;
			attributes = {
				BuildIndependentTargetsInParallel = YES;
				LastUpgradeCheck = 1500;
				TargetAttributes = {
					059DB81787A5095F2993A0F7 = {
						ProvisioningStyle = Automatic;
					};
					446612D235B94BDE61B59764 = {
						ProvisioningStyle = Automatic;
					};
					4719F4557AEAF99CC5294675 = {
						ProvisioningStyle = Automatic;
					};
					C095BFDD897370C96B3403EB = {
						DevelopmentTeam = "";
						ProvisioningStyle = Automatic;
					};
				};
			};
			buildConfigurationList = A0105327A8E71CAAFA879751 /* Build configuration list for PBXProject "IntakeTracker" */;
			developmentRegion = en;
			hasScannedForEncodings = 0;
			knownRegions = (
				Base,
				en,
			);
			mainGroup = ED14D565093A591768E880C2;
			minimizedProjectReferenceProxies = 1;
			preferredProjectObjectVersion = 77;
			productRefGroup = 8C58EA3D95B50CDD82B2FF3D /* Products */;
			projectDirPath = "";
			projectRoot = "";
			targets = (
				4719F4557AEAF99CC5294675 /* IntakeTracker */,
				059DB81787A5095F2993A0F7 /* IntakeTracker Complications */,
				446612D235B94BDE61B59764 /* IntakeTracker Watch App */,
				C095BFDD897370C96B3403EB /* IntakeTrackerTests */,
			);
		};
/* End PBXProject section */

/* Begin PBXResourcesBuildPhase section */
		DDB4087354CB95609D28C29E /* Resources */ = {
			isa = PBXResourcesBuildPhase;
			buildActionMask = 2147483647;
			files = (
				5BDDA9704A44FC01908C5AED /* Assets.xcassets in Resources */,
			);
			runOnlyForDeploymentPostprocessing = 0;
		};
		E1E8F99E4FF8709AACC1A34E /* Resources */ = {
			isa = PBXResourcesBuildPhase;
			buildActionMask = 2147483647;
			files = (
				E60D232C7F86ED1DA697D9B2 /* Assets.xcassets in Resources */,
				E5817A9FAB5D17584AF8750F /* Preview Assets.xcassets in Resources */,
			);
			runOnlyForDeploymentPostprocessing = 0;
		};
/* End PBXResourcesBuildPhase section */

/* Begin PBXSourcesBuildPhase section */
		2E621D115F8333A2BB6729C3 /* Sources */ = {
			isa = PBXSourcesBuildPhase;
			buildActionMask = 2147483647;
			files = (
				5D4636959C501E4D855E5DFC /* CaffeineKinetics.swift in Sources */,
				75EF26DF2FB0EF53009F3D2B /* WatchTheme.swift in Sources */,
				6369538F5E6130FEB64C5373 /* DashboardView.swift in Sources */,
				75EF26FE2FB0F600009F3D2B /* CaffeineDecayChart.swift in Sources */,
				E6BDA47A1C86F0E50F23539F /* Formatting.swift in Sources */,
				75EF26E92FB0F40F009F3D2B /* Haptics.swift in Sources */,
				A1E6EF20D21239F924B43667 /* HistoryView.swift in Sources */,
				27576F7F9D29DC57039D067D /* IntakeEntry.swift in Sources */,
				DCE5CCD4189C79BE9DEDD03D /* IntakeStore.swift in Sources */,
				EA436FF779357A86BDB52550 /* IntakeTrackerApp.swift in Sources */,
				81F3D7BC7A8860E3042FBC3A /* MealAutoSelector.swift in Sources */,
				75EF26F12FB0F512009F3D2B /* HeroRing.swift in Sources */,
				75EF26F32FB0F600009F3D2B /* MiniRingRow.swift in Sources */,
				75EF26F82FB0F700009F3D2B /* QuickActionChip.swift in Sources */,
				D6CF2F867EC1B86CF6DDD2C5 /* QuickLogIntents.swift in Sources */,
				421D57874C3519AFC8815596 /* RootView.swift in Sources */,
				2E1288E31814474EBC910FF5 /* SettingsView.swift in Sources */,
				2AAB6B44C1CED091858812D8 /* SyncService.swift in Sources */,
				75EF26E32FB0EF77009F3D2B /* MetricKind.swift in Sources */,
				691A6339A63F064101ACC999 /* TrendsView.swift in Sources */,
			);
			runOnlyForDeploymentPostprocessing = 0;
		};
		3BEC1784FA455EA909F5818B /* Sources */ = {
			isa = PBXSourcesBuildPhase;
			buildActionMask = 2147483647;
			files = (
				ECB0DAD835CBEF0C7114F105 /* CaffeineKinetics.swift in Sources */,
				75EF26E22FB0EF77009F3D2B /* MetricKind.swift in Sources */,
				9B0D9E99DE7E2DAE1F81FE7D /* Formatting.swift in Sources */,
				23E768B3BD578221247E722B /* IntakeEntry.swift in Sources */,
				26B80842B39E195BD0652B8B /* IntakeStore.swift in Sources */,
				85083D2F4FB8FFF9F77ACF82 /* IntakeTracker_ComplicationsBundle.swift in Sources */,
				930ABA980593588C6C4B86A6 /* MealAutoSelector.swift in Sources */,
				75EF26EA2FB0F40F009F3D2B /* Haptics.swift in Sources */,
				2BCFF1BD2907B2E4BF35B5C6 /* ProgressWidgets.swift in Sources */,
				75EF26FF2FB0F600009F3D2B /* RectangularWidgets.swift in Sources */,
				75EF27012FB0F600009F3D2B /* WidgetData.swift in Sources */,
				75EF27032FB0F600009F3D2B /* CornerWidgets.swift in Sources */,
				75EF27052FB0F600009F3D2B /* InlineWidgets.swift in Sources */,
				05A0145DA18C1C89E1F47BD0 /* QuickLogIntents.swift in Sources */,
				75EF26F22FB0F512009F3D2B /* HeroRing.swift in Sources */,
				75EF26F42FB0F600009F3D2B /* MiniRingRow.swift in Sources */,
				75EF26F92FB0F700009F3D2B /* QuickActionChip.swift in Sources */,
				75EF26DD2FB0EF53009F3D2B /* WatchTheme.swift in Sources */,
				9F932DF8D048BDF737F3A1DD /* SyncService.swift in Sources */,
			);
			runOnlyForDeploymentPostprocessing = 0;
		};
		98C633E5C7EB168C2EF8B676 /* Sources */ = {
			isa = PBXSourcesBuildPhase;
			buildActionMask = 2147483647;
			files = (
				75EF26EB2FB0F40F009F3D2B /* Haptics.swift in Sources */,
				7715BDA4A2E5422D91D53A25 /* CaffeineKinetics.swift in Sources */,
				14301D30B666A3713FD4E262 /* CaffeineKineticsTests.swift in Sources */,
				B85C9449E26EA156339DDD1F /* Formatting.swift in Sources */,
				75EF26E12FB0EF77009F3D2B /* MetricKind.swift in Sources */,
				75EF26E62FB0EF97009F3D2B /* MetricKindTests.swift in Sources */,
				75EF26ED2FB0F422009F3D2B /* HapticDebounceTests.swift in Sources */,
				75EF26DC2FB0EF53009F3D2B /* WatchTheme.swift in Sources */,
				74636D3906A943525A1E88E9 /* IntakeEntry.swift in Sources */,
				BBE5C46C5793F4EB19A73856 /* IntakeStore.swift in Sources */,
				29F3FC6D5F7C1E608AD2D907 /* MealAutoSelector.swift in Sources */,
				75EF26EF2FB0F512009F3D2B /* HeroRing.swift in Sources */,
				75EF26F52FB0F600009F3D2B /* MiniRingRow.swift in Sources */,
				75EF26FA2FB0F700009F3D2B /* QuickActionChip.swift in Sources */,
				B716FFB14AA1296ED0C86939 /* QuickLogIntents.swift in Sources */,
				6D14070F9A94A84EE595620C /* SyncService.swift in Sources */,
			);
			runOnlyForDeploymentPostprocessing = 0;
		};
		B326B617A8D74C182FE50B2E /* Sources */ = {
			isa = PBXSourcesBuildPhase;
			buildActionMask = 2147483647;
			files = (
				A43F969E7F96E95F253B9A1C /* CaffeineKinetics.swift in Sources */,
				333EF5572D3EC94750464F2D /* Formatting.swift in Sources */,
				702509756E881679BE74D1B6 /* IntakeEntry.swift in Sources */,
				174D7E006C16A3D5751F35CF /* IntakeStore.swift in Sources */,
				10CD9FDF66F64350C56BF88A /* IntakeTrackerApp.swift in Sources */,
				C737EE771CEC4DF501C22C4A /* MealAutoSelector.swift in Sources */,
				A9BC40236728D0F6E740A8C5 /* QuickLogIntents.swift in Sources */,
				F5FE7E9B89C88F73A3C60A1D /* SyncService.swift in Sources */,
				2E2E71BF62B381D0B2DF3CCB /* WatchCaffeineView.swift in Sources */,
				BAD7E001AD1F117FBB858909 /* WatchDeepLinkRouter.swift in Sources */,
				1F8BEE6146709966C1A88E50 /* WatchFullnessView.swift in Sources */,
				75EF26F02FB0F512009F3D2B /* HeroRing.swift in Sources */,
				75EF26F62FB0F600009F3D2B /* MiniRingRow.swift in Sources */,
				75EF26FB2FB0F700009F3D2B /* QuickActionChip.swift in Sources */,
				83F54F49518B0A5B35B52DF6 /* WatchRootView.swift in Sources */,
				DE8BE7CC655BF7EA72A27D1F /* WatchSummaryView.swift in Sources */,
				75EF26E42FB0EF77009F3D2B /* MetricKind.swift in Sources */,
				BAA17E7C591E0F73B3BC778B /* WatchWaistView.swift in Sources */,
				75EF26DE2FB0EF53009F3D2B /* WatchTheme.swift in Sources */,
				75EF26E82FB0F40F009F3D2B /* Haptics.swift in Sources */,
				3525EC97C72F21DC741D3021 /* WatchWaterView.swift in Sources */,
				BB844E2D1B0567F563C02C33 /* WatchWeightView.swift in Sources */,
			);
			runOnlyForDeploymentPostprocessing = 0;
		};
/* End PBXSourcesBuildPhase section */

/* Begin PBXTargetDependency section */
		3A6245E72BB63AF30A02FD03 /* PBXTargetDependency */ = {
			isa = PBXTargetDependency;
			target = 059DB81787A5095F2993A0F7 /* IntakeTracker Complications */;
			targetProxy = 1579B417EF3E1ED8F1AC51FF /* PBXContainerItemProxy */;
		};
		3A93CCDFC216805C98ED1F7E /* PBXTargetDependency */ = {
			isa = PBXTargetDependency;
			target = 446612D235B94BDE61B59764 /* IntakeTracker Watch App */;
			targetProxy = AB066A4D69E847F61BCCB1F1 /* PBXContainerItemProxy */;
		};
		BE918E13580C44F308EDEB4C /* PBXTargetDependency */ = {
			isa = PBXTargetDependency;
			target = 4719F4557AEAF99CC5294675 /* IntakeTracker */;
			targetProxy = 26A0656803A2B30277F57F7C /* PBXContainerItemProxy */;
		};
/* End PBXTargetDependency section */

/* Begin XCBuildConfiguration section */
		0D444281E58D5E8E16A56FC5 /* Release */ = {
			isa = XCBuildConfiguration;
			buildSettings = {
				ASSETCATALOG_COMPILER_APPICON_NAME = AppIcon;
				CODE_SIGN_ENTITLEMENTS = "IntakeTracker Watch App/IntakeTracker Watch App.entitlements";
				DEVELOPMENT_TEAM = 6JNJZZ4V2L;
				INFOPLIST_KEY_WKApplication = YES;
				INFOPLIST_KEY_WKCompanionAppBundleIdentifier = com.example.IntakeTracker;
				PRODUCT_BUNDLE_IDENTIFIER = com.example.IntakeTracker.watchkitapp;
				SDKROOT = watchos;
				SKIP_INSTALL = YES;
				TARGETED_DEVICE_FAMILY = 4;
			};
			name = Release;
		};
		2C252D3224B608C2CF9D0A8C /* Release */ = {
			isa = XCBuildConfiguration;
			buildSettings = {
				BUNDLE_LOADER = "$(TEST_HOST)";
				GENERATE_INFOPLIST_FILE = YES;
				LD_RUNPATH_SEARCH_PATHS = (
					"$(inherited)",
					"@executable_path/Frameworks",
					"@loader_path/Frameworks",
				);
				PRODUCT_BUNDLE_IDENTIFIER = com.example.IntakeTrackerTests;
				SDKROOT = iphoneos;
				TARGETED_DEVICE_FAMILY = "1,2";
				TEST_HOST = "$(BUILT_PRODUCTS_DIR)/IntakeTracker.app/IntakeTracker";
			};
			name = Release;
		};
		4BBEA1E91EE43314C93366CF /* Debug */ = {
			isa = XCBuildConfiguration;
			buildSettings = {
				ASSETCATALOG_COMPILER_APPICON_NAME = AppIcon;
				CODE_SIGN_ENTITLEMENTS = "IntakeTracker Watch App/IntakeTracker Watch App.entitlements";
				DEVELOPMENT_TEAM = 6JNJZZ4V2L;
				INFOPLIST_KEY_WKApplication = YES;
				INFOPLIST_KEY_WKCompanionAppBundleIdentifier = com.example.IntakeTracker;
				PRODUCT_BUNDLE_IDENTIFIER = com.example.IntakeTracker.watchkitapp;
				SDKROOT = watchos;
				SKIP_INSTALL = YES;
				TARGETED_DEVICE_FAMILY = 4;
			};
			name = Debug;
		};
		50573A5178649583CBD8C843 /* Release */ = {
			isa = XCBuildConfiguration;
			buildSettings = {
				ALWAYS_SEARCH_USER_PATHS = NO;
				CLANG_ANALYZER_NONNULL = YES;
				CLANG_ANALYZER_NUMBER_OBJECT_CONVERSION = YES_AGGRESSIVE;
				CLANG_CXX_LANGUAGE_STANDARD = "gnu++14";
				CLANG_CXX_LIBRARY = "libc++";
				CLANG_ENABLE_MODULES = YES;
				CLANG_ENABLE_OBJC_ARC = YES;
				CLANG_ENABLE_OBJC_WEAK = YES;
				CLANG_WARN_BLOCK_CAPTURE_AUTORELEASING = YES;
				CLANG_WARN_BOOL_CONVERSION = YES;
				CLANG_WARN_COMMA = YES;
				CLANG_WARN_CONSTANT_CONVERSION = YES;
				CLANG_WARN_DEPRECATED_OBJC_IMPLEMENTATIONS = YES;
				CLANG_WARN_DIRECT_OBJC_ISA_USAGE = YES_ERROR;
				CLANG_WARN_DOCUMENTATION_COMMENTS = YES;
				CLANG_WARN_EMPTY_BODY = YES;
				CLANG_WARN_ENUM_CONVERSION = YES;
				CLANG_WARN_INFINITE_RECURSION = YES;
				CLANG_WARN_INT_CONVERSION = YES;
				CLANG_WARN_NON_LITERAL_NULL_CONVERSION = YES;
				CLANG_WARN_OBJC_IMPLICIT_RETAIN_SELF = YES;
				CLANG_WARN_OBJC_LITERAL_CONVERSION = YES;
				CLANG_WARN_OBJC_ROOT_CLASS = YES_ERROR;
				CLANG_WARN_QUOTED_INCLUDE_IN_FRAMEWORK_HEADER = YES;
				CLANG_WARN_RANGE_LOOP_ANALYSIS = YES;
				CLANG_WARN_STRICT_PROTOTYPES = YES;
				CLANG_WARN_SUSPICIOUS_MOVE = YES;
				CLANG_WARN_UNGUARDED_AVAILABILITY = YES_AGGRESSIVE;
				CLANG_WARN_UNREACHABLE_CODE = YES;
				CLANG_WARN__DUPLICATE_METHOD_MATCH = YES;
				CODE_SIGN_STYLE = Automatic;
				COPY_PHASE_STRIP = NO;
				CURRENT_PROJECT_VERSION = 1;
				DEBUG_INFORMATION_FORMAT = "dwarf-with-dsym";
				DEVELOPMENT_TEAM = "";
				ENABLE_NS_ASSERTIONS = NO;
				ENABLE_STRICT_OBJC_MSGSEND = YES;
				ENABLE_USER_SCRIPT_SANDBOXING = YES;
				GCC_C_LANGUAGE_STANDARD = gnu11;
				GCC_NO_COMMON_BLOCKS = YES;
				GCC_WARN_64_TO_32_BIT_CONVERSION = YES;
				GCC_WARN_ABOUT_RETURN_TYPE = YES_ERROR;
				GCC_WARN_UNDECLARED_SELECTOR = YES;
				GCC_WARN_UNINITIALIZED_AUTOS = YES_AGGRESSIVE;
				GCC_WARN_UNUSED_FUNCTION = YES;
				GCC_WARN_UNUSED_VARIABLE = YES;
				GENERATE_INFOPLIST_FILE = YES;
				IPHONEOS_DEPLOYMENT_TARGET = 17.0;
				MARKETING_VERSION = 1.0;
				MTL_ENABLE_DEBUG_INFO = NO;
				MTL_FAST_MATH = YES;
				PRODUCT_NAME = "$(TARGET_NAME)";
				SWIFT_COMPILATION_MODE = wholemodule;
				SWIFT_OPTIMIZATION_LEVEL = "-O";
				SWIFT_VERSION = 5.9;
				WATCHOS_DEPLOYMENT_TARGET = 10.0;
			};
			name = Release;
		};
		8967FD592DCB38F8B1D393FA /* Debug */ = {
			isa = XCBuildConfiguration;
			buildSettings = {
				ASSETCATALOG_COMPILER_APPICON_NAME = AppIcon;
				CODE_SIGN_ENTITLEMENTS = IntakeTracker/IntakeTracker.entitlements;
				CODE_SIGN_IDENTITY = "iPhone Developer";
				DEVELOPMENT_ASSET_PATHS = "\"IntakeTracker/Preview Content\"";
				DEVELOPMENT_TEAM = 6JNJZZ4V2L;
				INFOPLIST_KEY_UIApplicationSceneManifest_Generation = YES;
				INFOPLIST_KEY_UILaunchScreen_Generation = YES;
				INFOPLIST_KEY_UISupportedInterfaceOrientations_iPad = "UIInterfaceOrientationPortrait UIInterfaceOrientationPortraitUpsideDown UIInterfaceOrientationLandscapeLeft UIInterfaceOrientationLandscapeRight";
				INFOPLIST_KEY_UISupportedInterfaceOrientations_iPhone = "UIInterfaceOrientationPortrait UIInterfaceOrientationLandscapeLeft UIInterfaceOrientationLandscapeRight";
				INFOPLIST_KEY_WKCompanionAppBundleIdentifier = com.example.IntakeTracker;
				LD_RUNPATH_SEARCH_PATHS = (
					"$(inherited)",
					"@executable_path/Frameworks",
				);
				PRODUCT_BUNDLE_IDENTIFIER = com.example.IntakeTracker;
				SDKROOT = iphoneos;
				TARGETED_DEVICE_FAMILY = "1,2";
			};
			name = Debug;
		};
		941E504F031901E5B10C263A /* Debug */ = {
			isa = XCBuildConfiguration;
			buildSettings = {
				ALWAYS_SEARCH_USER_PATHS = NO;
				CLANG_ANALYZER_NONNULL = YES;
				CLANG_ANALYZER_NUMBER_OBJECT_CONVERSION = YES_AGGRESSIVE;
				CLANG_CXX_LANGUAGE_STANDARD = "gnu++14";
				CLANG_CXX_LIBRARY = "libc++";
				CLANG_ENABLE_MODULES = YES;
				CLANG_ENABLE_OBJC_ARC = YES;
				CLANG_ENABLE_OBJC_WEAK = YES;
				CLANG_WARN_BLOCK_CAPTURE_AUTORELEASING = YES;
				CLANG_WARN_BOOL_CONVERSION = YES;
				CLANG_WARN_COMMA = YES;
				CLANG_WARN_CONSTANT_CONVERSION = YES;
				CLANG_WARN_DEPRECATED_OBJC_IMPLEMENTATIONS = YES;
				CLANG_WARN_DIRECT_OBJC_ISA_USAGE = YES_ERROR;
				CLANG_WARN_DOCUMENTATION_COMMENTS = YES;
				CLANG_WARN_EMPTY_BODY = YES;
				CLANG_WARN_ENUM_CONVERSION = YES;
				CLANG_WARN_INFINITE_RECURSION = YES;
				CLANG_WARN_INT_CONVERSION = YES;
				CLANG_WARN_NON_LITERAL_NULL_CONVERSION = YES;
				CLANG_WARN_OBJC_IMPLICIT_RETAIN_SELF = YES;
				CLANG_WARN_OBJC_LITERAL_CONVERSION = YES;
				CLANG_WARN_OBJC_ROOT_CLASS = YES_ERROR;
				CLANG_WARN_QUOTED_INCLUDE_IN_FRAMEWORK_HEADER = YES;
				CLANG_WARN_RANGE_LOOP_ANALYSIS = YES;
				CLANG_WARN_STRICT_PROTOTYPES = YES;
				CLANG_WARN_SUSPICIOUS_MOVE = YES;
				CLANG_WARN_UNGUARDED_AVAILABILITY = YES_AGGRESSIVE;
				CLANG_WARN_UNREACHABLE_CODE = YES;
				CLANG_WARN__DUPLICATE_METHOD_MATCH = YES;
				CODE_SIGN_STYLE = Automatic;
				COPY_PHASE_STRIP = NO;
				CURRENT_PROJECT_VERSION = 1;
				DEBUG_INFORMATION_FORMAT = dwarf;
				DEVELOPMENT_TEAM = "";
				ENABLE_STRICT_OBJC_MSGSEND = YES;
				ENABLE_TESTABILITY = YES;
				ENABLE_USER_SCRIPT_SANDBOXING = YES;
				GCC_C_LANGUAGE_STANDARD = gnu11;
				GCC_DYNAMIC_NO_PIC = NO;
				GCC_NO_COMMON_BLOCKS = YES;
				GCC_OPTIMIZATION_LEVEL = 0;
				GCC_PREPROCESSOR_DEFINITIONS = (
					"$(inherited)",
					"DEBUG=1",
				);
				GCC_WARN_64_TO_32_BIT_CONVERSION = YES;
				GCC_WARN_ABOUT_RETURN_TYPE = YES_ERROR;
				GCC_WARN_UNDECLARED_SELECTOR = YES;
				GCC_WARN_UNINITIALIZED_AUTOS = YES_AGGRESSIVE;
				GCC_WARN_UNUSED_FUNCTION = YES;
				GCC_WARN_UNUSED_VARIABLE = YES;
				GENERATE_INFOPLIST_FILE = YES;
				IPHONEOS_DEPLOYMENT_TARGET = 17.0;
				MARKETING_VERSION = 1.0;
				MTL_ENABLE_DEBUG_INFO = INCLUDE_SOURCE;
				MTL_FAST_MATH = YES;
				ONLY_ACTIVE_ARCH = YES;
				PRODUCT_NAME = "$(TARGET_NAME)";
				SWIFT_ACTIVE_COMPILATION_CONDITIONS = DEBUG;
				SWIFT_OPTIMIZATION_LEVEL = "-Onone";
				SWIFT_VERSION = 5.9;
				WATCHOS_DEPLOYMENT_TARGET = 10.0;
			};
			name = Debug;
		};
		B2B4B1624764FC3E674B7895 /* Debug */ = {
			isa = XCBuildConfiguration;
			buildSettings = {
				CODE_SIGN_ENTITLEMENTS = "IntakeTracker Complications/IntakeTracker Complications.entitlements";
				DEVELOPMENT_TEAM = 6JNJZZ4V2L;
				INFOPLIST_FILE = "IntakeTracker Complications/Info.plist";
				INFOPLIST_KEY_NSExtensionPointIdentifier = "com.apple.widgetkit-extension";
				LD_RUNPATH_SEARCH_PATHS = (
					"$(inherited)",
					"@executable_path/Frameworks",
					"@executable_path/../../Frameworks",
				);
				PRODUCT_BUNDLE_IDENTIFIER = com.example.IntakeTracker.watchkitapp.complications;
				SDKROOT = watchos;
				SKIP_INSTALL = YES;
				TARGETED_DEVICE_FAMILY = 4;
			};
			name = Debug;
		};
		B60F98ADF1A2375006BDFA7D /* Release */ = {
			isa = XCBuildConfiguration;
			buildSettings = {
				CODE_SIGN_ENTITLEMENTS = "IntakeTracker Complications/IntakeTracker Complications.entitlements";
				DEVELOPMENT_TEAM = 6JNJZZ4V2L;
				INFOPLIST_FILE = "IntakeTracker Complications/Info.plist";
				INFOPLIST_KEY_NSExtensionPointIdentifier = "com.apple.widgetkit-extension";
				LD_RUNPATH_SEARCH_PATHS = (
					"$(inherited)",
					"@executable_path/Frameworks",
					"@executable_path/../../Frameworks",
				);
				PRODUCT_BUNDLE_IDENTIFIER = com.example.IntakeTracker.watchkitapp.complications;
				SDKROOT = watchos;
				SKIP_INSTALL = YES;
				TARGETED_DEVICE_FAMILY = 4;
			};
			name = Release;
		};
		EF81CEF0B14C51C4C7648A34 /* Debug */ = {
			isa = XCBuildConfiguration;
			buildSettings = {
				BUNDLE_LOADER = "$(TEST_HOST)";
				GENERATE_INFOPLIST_FILE = YES;
				LD_RUNPATH_SEARCH_PATHS = (
					"$(inherited)",
					"@executable_path/Frameworks",
					"@loader_path/Frameworks",
				);
				PRODUCT_BUNDLE_IDENTIFIER = com.example.IntakeTrackerTests;
				SDKROOT = iphoneos;
				TARGETED_DEVICE_FAMILY = "1,2";
				TEST_HOST = "$(BUILT_PRODUCTS_DIR)/IntakeTracker.app/IntakeTracker";
			};
			name = Debug;
		};
		F2E66023509CFC87488D2D49 /* Release */ = {
			isa = XCBuildConfiguration;
			buildSettings = {
				ASSETCATALOG_COMPILER_APPICON_NAME = AppIcon;
				CODE_SIGN_ENTITLEMENTS = IntakeTracker/IntakeTracker.entitlements;
				CODE_SIGN_IDENTITY = "iPhone Developer";
				DEVELOPMENT_ASSET_PATHS = "\"IntakeTracker/Preview Content\"";
				DEVELOPMENT_TEAM = 6JNJZZ4V2L;
				INFOPLIST_KEY_UIApplicationSceneManifest_Generation = YES;
				INFOPLIST_KEY_UILaunchScreen_Generation = YES;
				INFOPLIST_KEY_UISupportedInterfaceOrientations_iPad = "UIInterfaceOrientationPortrait UIInterfaceOrientationPortraitUpsideDown UIInterfaceOrientationLandscapeLeft UIInterfaceOrientationLandscapeRight";
				INFOPLIST_KEY_UISupportedInterfaceOrientations_iPhone = "UIInterfaceOrientationPortrait UIInterfaceOrientationLandscapeLeft UIInterfaceOrientationLandscapeRight";
				INFOPLIST_KEY_WKCompanionAppBundleIdentifier = com.example.IntakeTracker;
				LD_RUNPATH_SEARCH_PATHS = (
					"$(inherited)",
					"@executable_path/Frameworks",
				);
				PRODUCT_BUNDLE_IDENTIFIER = com.example.IntakeTracker;
				SDKROOT = iphoneos;
				TARGETED_DEVICE_FAMILY = "1,2";
			};
			name = Release;
		};
/* End XCBuildConfiguration section */

/* Begin XCConfigurationList section */
		6993B84F0DF0541D074B39F0 /* Build configuration list for PBXNativeTarget "IntakeTracker Watch App" */ = {
			isa = XCConfigurationList;
			buildConfigurations = (
				4BBEA1E91EE43314C93366CF /* Debug */,
				0D444281E58D5E8E16A56FC5 /* Release */,
			);
			defaultConfigurationIsVisible = 0;
			defaultConfigurationName = Debug;
		};
		8AC6A932E326964DC97062BF /* Build configuration list for PBXNativeTarget "IntakeTracker Complications" */ = {
			isa = XCConfigurationList;
			buildConfigurations = (
				B2B4B1624764FC3E674B7895 /* Debug */,
				B60F98ADF1A2375006BDFA7D /* Release */,
			);
			defaultConfigurationIsVisible = 0;
			defaultConfigurationName = Debug;
		};
		A0105327A8E71CAAFA879751 /* Build configuration list for PBXProject "IntakeTracker" */ = {
			isa = XCConfigurationList;
			buildConfigurations = (
				941E504F031901E5B10C263A /* Debug */,
				50573A5178649583CBD8C843 /* Release */,
			);
			defaultConfigurationIsVisible = 0;
			defaultConfigurationName = Debug;
		};
		B9A223A1E0F5BDD4B7825D47 /* Build configuration list for PBXNativeTarget "IntakeTrackerTests" */ = {
			isa = XCConfigurationList;
			buildConfigurations = (
				EF81CEF0B14C51C4C7648A34 /* Debug */,
				2C252D3224B608C2CF9D0A8C /* Release */,
			);
			defaultConfigurationIsVisible = 0;
			defaultConfigurationName = Debug;
		};
		FC1A5C9BD7658F1230B60B7D /* Build configuration list for PBXNativeTarget "IntakeTracker" */ = {
			isa = XCConfigurationList;
			buildConfigurations = (
				8967FD592DCB38F8B1D393FA /* Debug */,
				F2E66023509CFC87488D2D49 /* Release */,
			);
			defaultConfigurationIsVisible = 0;
			defaultConfigurationName = Debug;
		};
/* End XCConfigurationList section */
	};
	rootObject = 3E071BE3A1D390229846093F /* Project object */;
}
